// !$*UTF8*$!
{
	archiveVersion = 1;
	classes = {
	};
	objectVersion = 56;
	objects = {

/* Begin PBXBuildFile section */
		0D10F05329C56F1D002F34B8 /* AppDelegate.swift in Sources */ = {isa = PBXBuildFile; fileRef = 0D10F05229C56F1D002F34B8 /* AppDelegate.swift */; };
		0D10F05529C56F1D002F34B8 /* SceneDelegate.swift in Sources */ = {isa = PBXBuildFile; fileRef = 0D10F05429C56F1D002F34B8 /* SceneDelegate.swift */; };
		0D10F05729C56F1D002F34B8 /* MainTabBarViewController.swift in Sources */ = {isa = PBXBuildFile; fileRef = 0D10F05629C56F1D002F34B8 /* MainTabBarViewController.swift */; };
		0D10F05C29C56F1F002F34B8 /* Assets.xcassets in Resources */ = {isa = PBXBuildFile; fileRef = 0D10F05B29C56F1F002F34B8 /* Assets.xcassets */; };
		0D10F05F29C56F1F002F34B8 /* LaunchScreen.storyboard in Resources */ = {isa = PBXBuildFile; fileRef = 0D10F05D29C56F1F002F34B8 /* LaunchScreen.storyboard */; };
		0D28A03429C95CEB00EC9420 /* String.swift in Sources */ = {isa = PBXBuildFile; fileRef = 0D28A03329C95CEB00EC9420 /* String.swift */; };
		0D28A03629C95E8800EC9420 /* TV.swift in Sources */ = {isa = PBXBuildFile; fileRef = 0D28A03529C95E8800EC9420 /* TV.swift */; };
		0D28A03829C961F300EC9420 /* Title.swift in Sources */ = {isa = PBXBuildFile; fileRef = 0D28A03729C961F300EC9420 /* Title.swift */; };
		0D28A03A29C962F600EC9420 /* TitleColletionViewCell.swift in Sources */ = {isa = PBXBuildFile; fileRef = 0D28A03929C962F600EC9420 /* TitleColletionViewCell.swift */; };
		0D28A03E29C9686C00EC9420 /* SDWebImage in Frameworks */ = {isa = PBXBuildFile; productRef = 0D28A03D29C9686C00EC9420 /* SDWebImage */; };
		0D28A04029C9686C00EC9420 /* SDWebImageMapKit in Frameworks */ = {isa = PBXBuildFile; productRef = 0D28A03F29C9686C00EC9420 /* SDWebImageMapKit */; };
		0D28A04229CBFF0C00EC9420 /* TitleTableViewCell.swift in Sources */ = {isa = PBXBuildFile; fileRef = 0D28A04129CBFF0B00EC9420 /* TitleTableViewCell.swift */; };
		0D28A04429CC02CD00EC9420 /* TitleViewModel.swift in Sources */ = {isa = PBXBuildFile; fileRef = 0D28A04329CC02CD00EC9420 /* TitleViewModel.swift */; };
		0D28A04629CC802300EC9420 /* YoutubeSearchResponse.swift in Sources */ = {isa = PBXBuildFile; fileRef = 0D28A04529CC802300EC9420 /* YoutubeSearchResponse.swift */; };
		0D28A04829CC830100EC9420 /* SearchResultsViewController.swift in Sources */ = {isa = PBXBuildFile; fileRef = 0D28A04729CC830100EC9420 /* SearchResultsViewController.swift */; };
		0D28A04C29CEAD1900EC9420 /* TitlePreviewViewController.swift in Sources */ = {isa = PBXBuildFile; fileRef = 0D28A04B29CEAD1900EC9420 /* TitlePreviewViewController.swift */; };
		0D28A04E29CEAF2F00EC9420 /* TitlePreviewViewModel.swift in Sources */ = {isa = PBXBuildFile; fileRef = 0D28A04D29CEAF2F00EC9420 /* TitlePreviewViewModel.swift */; };
		0D687CF429C5735B00DD10B5 /* HomeViewController.swift in Sources */ = {isa = PBXBuildFile; fileRef = 0D687CF329C5735B00DD10B5 /* HomeViewController.swift */; };
		0D687CF629C573B300DD10B5 /* SearchViewController.swift in Sources */ = {isa = PBXBuildFile; fileRef = 0D687CF529C573B300DD10B5 /* SearchViewController.swift */; };
		0D687CF829C5740900DD10B5 /* DonwloadsViewController.swift in Sources */ = {isa = PBXBuildFile; fileRef = 0D687CF729C5740900DD10B5 /* DonwloadsViewController.swift */; };
		0D687CFA29C5744400DD10B5 /* UpcomingViewController.swift in Sources */ = {isa = PBXBuildFile; fileRef = 0D687CF929C5744400DD10B5 /* UpcomingViewController.swift */; };
		0D687D0129C619DE00DD10B5 /* ColletionViewTableViewCell.swift in Sources */ = {isa = PBXBuildFile; fileRef = 0D687D0029C619DE00DD10B5 /* ColletionViewTableViewCell.swift */; };
		0D687D0329C623D000DD10B5 /* HeroHeaderUIView.swift in Sources */ = {isa = PBXBuildFile; fileRef = 0D687D0229C623D000DD10B5 /* HeroHeaderUIView.swift */; };
		0D687D0529C632A200DD10B5 /* ApiCaller.swift in Sources */ = {isa = PBXBuildFile; fileRef = 0D687D0429C632A200DD10B5 /* ApiCaller.swift */; };
/* End PBXBuildFile section */

/* Begin PBXFileReference section */
		0D10F04F29C56F1D002F34B8 /* Netflix Clone.app */ = {isa = PBXFileReference; explicitFileType = wrapper.application; includeInIndex = 0; path = "Netflix Clone.app"; sourceTree = BUILT_PRODUCTS_DIR; };
		0D10F05229C56F1D002F34B8 /* AppDelegate.swift */ = {isa = PBXFileReference; lastKnownFileType = sourcecode.swift; path = AppDelegate.swift; sourceTree = "<group>"; };
		0D10F05429C56F1D002F34B8 /* SceneDelegate.swift */ = {isa = PBXFileReference; lastKnownFileType = sourcecode.swift; path = SceneDelegate.swift; sourceTree = "<group>"; };
		0D10F05629C56F1D002F34B8 /* MainTabBarViewController.swift */ = {isa = PBXFileReference; lastKnownFileType = sourcecode.swift; path = MainTabBarViewController.swift; sourceTree = "<group>"; };
		0D10F05B29C56F1F002F34B8 /* Assets.xcassets */ = {isa = PBXFileReference; lastKnownFileType = folder.assetcatalog; path = Assets.xcassets; sourceTree = "<group>"; };
		0D10F05E29C56F1F002F34B8 /* Base */ = {isa = PBXFileReference; lastKnownFileType = file.storyboard; name = Base; path = Base.lproj/LaunchScreen.storyboard; sourceTree = "<group>"; };
		0D10F06029C56F1F002F34B8 /* Info.plist */ = {isa = PBXFileReference; lastKnownFileType = text.plist.xml; path = Info.plist; sourceTree = "<group>"; };
		0D28A03329C95CEB00EC9420 /* String.swift */ = {isa = PBXFileReference; lastKnownFileType = sourcecode.swift; path = String.swift; sourceTree = "<group>"; };
		0D28A03529C95E8800EC9420 /* TV.swift */ = {isa = PBXFileReference; lastKnownFileType = sourcecode.swift; path = TV.swift; sourceTree = "<group>"; };
		0D28A03729C961F300EC9420 /* Title.swift */ = {isa = PBXFileReference; lastKnownFileType = sourcecode.swift; path = Title.swift; sourceTree = "<group>"; };
		0D28A03929C962F600EC9420 /* TitleColletionViewCell.swift */ = {isa = PBXFileReference; lastKnownFileType = sourcecode.swift; path = TitleColletionViewCell.swift; sourceTree = "<group>"; };
		0D28A04129CBFF0B00EC9420 /* TitleTableViewCell.swift */ = {isa = PBXFileReference; lastKnownFileType = sourcecode.swift; path = TitleTableViewCell.swift; sourceTree = "<group>"; };
		0D28A04329CC02CD00EC9420 /* TitleViewModel.swift */ = {isa = PBXFileReference; lastKnownFileType = sourcecode.swift; path = TitleViewModel.swift; sourceTree = "<group>"; };
		0D28A04529CC802300EC9420 /* YoutubeSearchResponse.swift */ = {isa = PBXFileReference; lastKnownFileType = sourcecode.swift; path = YoutubeSearchResponse.swift; sourceTree = "<group>"; };
		0D28A04729CC830100EC9420 /* SearchResultsViewController.swift */ = {isa = PBXFileReference; lastKnownFileType = sourcecode.swift; path = SearchResultsViewController.swift; sourceTree = "<group>"; };
		0D28A04B29CEAD1900EC9420 /* TitlePreviewViewController.swift */ = {isa = PBXFileReference; lastKnownFileType = sourcecode.swift; path = TitlePreviewViewController.swift; sourceTree = "<group>"; };
		0D28A04D29CEAF2F00EC9420 /* TitlePreviewViewModel.swift */ = {isa = PBXFileReference; lastKnownFileType = sourcecode.swift; path = TitlePreviewViewModel.swift; sourceTree = "<group>"; };
		0D687CF329C5735B00DD10B5 /* HomeViewController.swift */ = {isa = PBXFileReference; lastKnownFileType = sourcecode.swift; path = HomeViewController.swift; sourceTree = "<group>"; };
		0D687CF529C573B300DD10B5 /* SearchViewController.swift */ = {isa = PBXFileReference; lastKnownFileType = sourcecode.swift; path = SearchViewController.swift; sourceTree = "<group>"; };
		0D687CF729C5740900DD10B5 /* DonwloadsViewController.swift */ = {isa = PBXFileReference; lastKnownFileType = sourcecode.swift; path = DonwloadsViewController.swift; sourceTree = "<group>"; };
		0D687CF929C5744400DD10B5 /* UpcomingViewController.swift */ = {isa = PBXFileReference; lastKnownFileType = sourcecode.swift; path = UpcomingViewController.swift; sourceTree = "<group>"; };
		0D687D0029C619DE00DD10B5 /* ColletionViewTableViewCell.swift */ = {isa = PBXFileReference; lastKnownFileType = sourcecode.swift; path = ColletionViewTableViewCell.swift; sourceTree = "<group>"; };
		0D687D0229C623D000DD10B5 /* HeroHeaderUIView.swift */ = {isa = PBXFileReference; lastKnownFileType = sourcecode.swift; path = HeroHeaderUIView.swift; sourceTree = "<group>"; };
		0D687D0429C632A200DD10B5 /* ApiCaller.swift */ = {isa = PBXFileReference; lastKnownFileType = sourcecode.swift; path = ApiCaller.swift; sourceTree = "<group>"; };
/* End PBXFileReference section */

/* Begin PBXFrameworksBuildPhase section */
		0D10F04C29C56F1D002F34B8 /* Frameworks */ = {
			isa = PBXFrameworksBuildPhase;
			buildActionMask = 2147483647;
			files = (
				0D28A04029C9686C00EC9420 /* SDWebImageMapKit in Frameworks */,
				0D28A03E29C9686C00EC9420 /* SDWebImage in Frameworks */,
			);
			runOnlyForDeploymentPostprocessing = 0;
		};
/* End PBXFrameworksBuildPhase section */

/* Begin PBXGroup section */
		0D10F04629C56F1D002F34B8 = {
			isa = PBXGroup;
			children = (
				0D10F05129C56F1D002F34B8 /* Netflix Clone */,
				0D10F05029C56F1D002F34B8 /* Products */,
			);
			sourceTree = "<group>";
		};
		0D10F05029C56F1D002F34B8 /* Products */ = {
			isa = PBXGroup;
			children = (
				0D10F04F29C56F1D002F34B8 /* Netflix Clone.app */,
			);
			name = Products;
			sourceTree = "<group>";
		};
		0D10F05129C56F1D002F34B8 /* Netflix Clone */ = {
			isa = PBXGroup;
			children = (
				0D687CFF29C619AD00DD10B5 /* Managers */,
				0D687CFE29C619A400DD10B5 /* Resources */,
				0D687CFD29C6197F00DD10B5 /* Models */,
				0D687CFB29C6196900DD10B5 /* Views */,
				0D687CFC29C6197200DD10B5 /* ViewsModels */,
				0D10F06629C57301002F34B8 /* Controllers */,
				0D10F05229C56F1D002F34B8 /* AppDelegate.swift */,
				0D10F05429C56F1D002F34B8 /* SceneDelegate.swift */,
				0D10F05629C56F1D002F34B8 /* MainTabBarViewController.swift */,
				0D10F05B29C56F1F002F34B8 /* Assets.xcassets */,
				0D10F05D29C56F1F002F34B8 /* LaunchScreen.storyboard */,
				0D10F06029C56F1F002F34B8 /* Info.plist */,
			);
			path = "Netflix Clone";
			sourceTree = "<group>";
		};
		0D10F06629C57301002F34B8 /* Controllers */ = {
			isa = PBXGroup;
			children = (
				0D28A04A29CC835000EC9420 /* General */,
				0D28A04929CC834000EC9420 /* Core */,
			);
			path = Controllers;
			sourceTree = "<group>";
		};
		0D28A04929CC834000EC9420 /* Core */ = {
			isa = PBXGroup;
			children = (
				0D687CF329C5735B00DD10B5 /* HomeViewController.swift */,
				0D687CF529C573B300DD10B5 /* SearchViewController.swift */,
				0D687CF729C5740900DD10B5 /* DonwloadsViewController.swift */,
				0D687CF929C5744400DD10B5 /* UpcomingViewController.swift */,
			);
			path = Core;
			sourceTree = "<group>";
		};
		0D28A04A29CC835000EC9420 /* General */ = {
			isa = PBXGroup;
			children = (
				0D28A04729CC830100EC9420 /* SearchResultsViewController.swift */,
				0D28A04B29CEAD1900EC9420 /* TitlePreviewViewController.swift */,
			);
			path = General;
			sourceTree = "<group>";
		};
		0D687CFB29C6196900DD10B5 /* Views */ = {
			isa = PBXGroup;
			children = (
				0D687D0029C619DE00DD10B5 /* ColletionViewTableViewCell.swift */,
				0D687D0229C623D000DD10B5 /* HeroHeaderUIView.swift */,
				0D28A03929C962F600EC9420 /* TitleColletionViewCell.swift */,
				0D28A04129CBFF0B00EC9420 /* TitleTableViewCell.swift */,
			);
			path = Views;
			sourceTree = "<group>";
		};
		0D687CFC29C6197200DD10B5 /* ViewsModels */ = {
			isa = PBXGroup;
			children = (
				0D28A04329CC02CD00EC9420 /* TitleViewModel.swift */,
				0D28A04D29CEAF2F00EC9420 /* TitlePreviewViewModel.swift */,
			);
			path = ViewsModels;
			sourceTree = "<group>";
		};
		0D687CFD29C6197F00DD10B5 /* Models */ = {
			isa = PBXGroup;
			children = (
				0D28A03529C95E8800EC9420 /* TV.swift */,
				0D28A03729C961F300EC9420 /* Title.swift */,
				0D28A04529CC802300EC9420 /* YoutubeSearchResponse.swift */,
			);
			path = Models;
			sourceTree = "<group>";
		};
		0D687CFE29C619A400DD10B5 /* Resources */ = {
			isa = PBXGroup;
			children = (
				0D28A03329C95CEB00EC9420 /* String.swift */,
			);
			path = Resources;
			sourceTree = "<group>";
		};
		0D687CFF29C619AD00DD10B5 /* Managers */ = {
			isa = PBXGroup;
			children = (
				0D687D0429C632A200DD10B5 /* ApiCaller.swift */,
			);
			path = Managers;
			sourceTree = "<group>";
		};
/* End PBXGroup section */

/* Begin PBXNativeTarget section */
		0D10F04E29C56F1D002F34B8 /* Netflix Clone */ = {
			isa = PBXNativeTarget;
			buildConfigurationList = 0D10F06329C56F1F002F34B8 /* Build configuration list for PBXNativeTarget "Netflix Clone" */;
			buildPhases = (
				0D10F04B29C56F1D002F34B8 /* Sources */,
				0D10F04C29C56F1D002F34B8 /* Frameworks */,
				0D10F04D29C56F1D002F34B8 /* Resources */,
			);
			buildRules = (
			);
			dependencies = (
			);
			name = "Netflix Clone";
			packageProductDependencies = (
				0D28A03D29C9686C00EC9420 /* SDWebImage */,
				0D28A03F29C9686C00EC9420 /* SDWebImageMapKit */,
			);
			productName = "Netflix Clone";
			productReference = 0D10F04F29C56F1D002F34B8 /* Netflix Clone.app */;
			productType = "com.apple.product-type.application";
		};
/* End PBXNativeTarget section */

/* Begin PBXProject section */
		0D10F04729C56F1D002F34B8 /* Project object */ = {
			isa = PBXProject;
			attributes = {
				BuildIndependentTargetsInParallel = 1;
				LastSwiftUpdateCheck = 1420;
				LastUpgradeCheck = 1420;
				TargetAttributes = {
					0D10F04E29C56F1D002F34B8 = {
						CreatedOnToolsVersion = 14.2;
					};
				};
			};
			buildConfigurationList = 0D10F04A29C56F1D002F34B8 /* Build configuration list for PBXProject "Netflix Clone" */;
			compatibilityVersion = "Xcode 14.0";
			developmentRegion = en;
			hasScannedForEncodings = 0;
			knownRegions = (
				en,
				Base,
			);
			mainGroup = 0D10F04629C56F1D002F34B8;
			packageReferences = (
				0D28A03C29C9686C00EC9420 /* XCRemoteSwiftPackageReference "SDWebImage" */,
			);
			productRefGroup = 0D10F05029C56F1D002F34B8 /* Products */;
			projectDirPath = "";
			projectRoot = "";
			targets = (
				0D10F04E29C56F1D002F34B8 /* Netflix Clone */,
			);
		};
/* End PBXProject section */

/* Begin PBXResourcesBuildPhase section */
		0D10F04D29C56F1D002F34B8 /* Resources */ = {
			isa = PBXResourcesBuildPhase;
			buildActionMask = 2147483647;
			files = (
				0D10F05F29C56F1F002F34B8 /* LaunchScreen.storyboard in Resources */,
				0D10F05C29C56F1F002F34B8 /* Assets.xcassets in Resources */,
			);
			runOnlyForDeploymentPostprocessing = 0;
		};
/* End PBXResourcesBuildPhase section */

/* Begin PBXSourcesBuildPhase section */
		0D10F04B29C56F1D002F34B8 /* Sources */ = {
			isa = PBXSourcesBuildPhase;
			buildActionMask = 2147483647;
			files = (
				0D687CF629C573B300DD10B5 /* SearchViewController.swift in Sources */,
				0D28A03629C95E8800EC9420 /* TV.swift in Sources */,
				0D28A03829C961F300EC9420 /* Title.swift in Sources */,
				0D10F05729C56F1D002F34B8 /* MainTabBarViewController.swift in Sources */,
				0D687CFA29C5744400DD10B5 /* UpcomingViewController.swift in Sources */,
				0D687D0329C623D000DD10B5 /* HeroHeaderUIView.swift in Sources */,
				0D687CF829C5740900DD10B5 /* DonwloadsViewController.swift in Sources */,
				0D28A04829CC830100EC9420 /* SearchResultsViewController.swift in Sources */,
				0D687D0129C619DE00DD10B5 /* ColletionViewTableViewCell.swift in Sources */,
				0D28A04C29CEAD1900EC9420 /* TitlePreviewViewController.swift in Sources */,
				0D28A03429C95CEB00EC9420 /* String.swift in Sources */,
				0D10F05329C56F1D002F34B8 /* AppDelegate.swift in Sources */,
				0D28A04229CBFF0C00EC9420 /* TitleTableViewCell.swift in Sources */,
				0D10F05529C56F1D002F34B8 /* SceneDelegate.swift in Sources */,
				0D687CF429C5735B00DD10B5 /* HomeViewController.swift in Sources */,
				0D28A04429CC02CD00EC9420 /* TitleViewModel.swift in Sources */,
				0D687D0529C632A200DD10B5 /* ApiCaller.swift in Sources */,
				0D28A04629CC802300EC9420 /* YoutubeSearchResponse.swift in Sources */,
				0D28A04E29CEAF2F00EC9420 /* TitlePreviewViewModel.swift in Sources */,
				0D28A03A29C962F600EC9420 /* TitleColletionViewCell.swift in Sources */,
			);
			runOnlyForDeploymentPostprocessing = 0;
		};
/* End PBXSourcesBuildPhase section */

/* Begin PBXVariantGroup section */
		0D10F05D29C56F1F002F34B8 /* LaunchScreen.storyboard */ = {
			isa = PBXVariantGroup;
			children = (
				0D10F05E29C56F1F002F34B8 /* Base */,
			);
			name = LaunchScreen.storyboard;
			sourceTree = "<group>";
		};
/* End PBXVariantGroup section */

/* Begin XCBuildConfiguration section */
		0D10F06129C56F1F002F34B8 /* Debug */ = {
			isa = XCBuildConfiguration;
			buildSettings = {
				ALWAYS_SEARCH_USER_PATHS = NO;
				CLANG_ANALYZER_NONNULL = YES;
				CLANG_ANALYZER_NUMBER_OBJECT_CONVERSION = YES_AGGRESSIVE;
				CLANG_CXX_LANGUAGE_STANDARD = "gnu++20";
				CLANG_ENABLE_MODULES = YES;
				CLANG_ENABLE_OBJC_ARC = YES;
				CLANG_ENABLE_OBJC_WEAK = YES;
				CLANG_WARN_BLOCK_CAPTURE_AUTORELEASING = YES;
				CLANG_WARN_BOOL_CONVERSION = YES;
				CLANG_WARN_COMMA = YES;
				CLANG_WARN_CONSTANT_CONVERSION = YES;
				CLANG_WARN_DEPRECATED_OBJC_IMPLEMENTATIONS = YES;
				CLANG_WARN_DIRECT_OBJC_ISA_USAGE = YES_ERROR;
				CLANG_WARN_DOCUMENTATION_COMMENTS = YES;
				CLANG_WARN_EMPTY_BODY = YES;
				CLANG_WARN_ENUM_CONVERSION = YES;
				CLANG_WARN_INFINITE_RECURSION = YES;
				CLANG_WARN_INT_CONVERSION = YES;
				CLANG_WARN_NON_LITERAL_NULL_CONVERSION = YES;
				CLANG_WARN_OBJC_IMPLICIT_RETAIN_SELF = YES;
				CLANG_WARN_OBJC_LITERAL_CONVERSION = YES;
				CLANG_WARN_OBJC_ROOT_CLASS = YES_ERROR;
				CLANG_WARN_QUOTED_INCLUDE_IN_FRAMEWORK_HEADER = YES;
				CLANG_WARN_RANGE_LOOP_ANALYSIS = YES;
				CLANG_WARN_STRICT_PROTOTYPES = YES;
				CLANG_WARN_SUSPICIOUS_MOVE = YES;
				CLANG_WARN_UNGUARDED_AVAILABILITY = YES_AGGRESSIVE;
				CLANG_WARN_UNREACHABLE_CODE = YES;
				CLANG_WARN__DUPLICATE_METHOD_MATCH = YES;
				COPY_PHASE_STRIP = NO;
				DEBUG_INFORMATION_FORMAT = dwarf;
				ENABLE_STRICT_OBJC_MSGSEND = YES;
				ENABLE_TESTABILITY = YES;
				GCC_C_LANGUAGE_STANDARD = gnu11;
				GCC_DYNAMIC_NO_PIC = NO;
				GCC_NO_COMMON_BLOCKS = YES;
				GCC_OPTIMIZATION_LEVEL = 0;
				GCC_PREPROCESSOR_DEFINITIONS = (
					"DEBUG=1",
					"$(inherited)",
				);
				GCC_WARN_64_TO_32_BIT_CONVERSION = YES;
				GCC_WARN_ABOUT_RETURN_TYPE = YES_ERROR;
				GCC_WARN_UNDECLARED_SELECTOR = YES;
				GCC_WARN_UNINITIALIZED_AUTOS = YES_AGGRESSIVE;
				GCC_WARN_UNUSED_FUNCTION = YES;
				GCC_WARN_UNUSED_VARIABLE = YES;
				IPHONEOS_DEPLOYMENT_TARGET = 16.2;
				MTL_ENABLE_DEBUG_INFO = INCLUDE_SOURCE;
				MTL_FAST_MATH = YES;
				ONLY_ACTIVE_ARCH = YES;
				SDKROOT = iphoneos;
				SWIFT_ACTIVE_COMPILATION_CONDITIONS = DEBUG;
				SWIFT_OPTIMIZATION_LEVEL = "-Onone";
			};
			name = Debug;
		};
		0D10F06229C56F1F002F34B8 /* Release */ = {
			isa = XCBuildConfiguration;
			buildSettings = {
				ALWAYS_SEARCH_USER_PATHS = NO;
				CLANG_ANALYZER_NONNULL = YES;
				CLANG_ANALYZER_NUMBER_OBJECT_CONVERSION = YES_AGGRESSIVE;
				CLANG_CXX_LANGUAGE_STANDARD = "gnu++20";
				CLANG_ENABLE_MODULES = YES;
				CLANG_ENABLE_OBJC_ARC = YES;
				CLANG_ENABLE_OBJC_WEAK = YES;
				CLANG_WARN_BLOCK_CAPTURE_AUTORELEASING = YES;
				CLANG_WARN_BOOL_CONVERSION = YES;
				CLANG_WARN_COMMA = YES;
				CLANG_WARN_CONSTANT_CONVERSION = YES;
				CLANG_WARN_DEPRECATED_OBJC_IMPLEMENTATIONS = YES;
				CLANG_WARN_DIRECT_OBJC_ISA_USAGE = YES_ERROR;
				CLANG_WARN_DOCUMENTATION_COMMENTS = YES;
				CLANG_WARN_EMPTY_BODY = YES;
				CLANG_WARN_ENUM_CONVERSION = YES;
				CLANG_WARN_INFINITE_RECURSION = YES;
				CLANG_WARN_INT_CONVERSION = YES;
				CLANG_WARN_NON_LITERAL_NULL_CONVERSION = YES;
				CLANG_WARN_OBJC_IMPLICIT_RETAIN_SELF = YES;
				CLANG_WARN_OBJC_LITERAL_CONVERSION = YES;
				CLANG_WARN_OBJC_ROOT_CLASS = YES_ERROR;
				CLANG_WARN_QUOTED_INCLUDE_IN_FRAMEWORK_HEADER = YES;
				CLANG_WARN_RANGE_LOOP_ANALYSIS = YES;
				CLANG_WARN_STRICT_PROTOTYPES = YES;
				CLANG_WARN_SUSPICIOUS_MOVE = YES;
				CLANG_WARN_UNGUARDED_AVAILABILITY = YES_AGGRESSIVE;
				CLANG_WARN_UNREACHABLE_CODE = YES;
				CLANG_WARN__DUPLICATE_METHOD_MATCH = YES;
				COPY_PHASE_STRIP = NO;
				DEBUG_INFORMATION_FORMAT = "dwarf-with-dsym";
				ENABLE_NS_ASSERTIONS = NO;
				ENABLE_STRICT_OBJC_MSGSEND = YES;
				GCC_C_LANGUAGE_STANDARD = gnu11;
				GCC_NO_COMMON_BLOCKS = YES;
				GCC_WARN_64_TO_32_BIT_CONVERSION = YES;
				GCC_WARN_ABOUT_RETURN_TYPE = YES_ERROR;
				GCC_WARN_UNDECLARED_SELECTOR = YES;
				GCC_WARN_UNINITIALIZED_AUTOS = YES_AGGRESSIVE;
				GCC_WARN_UNUSED_FUNCTION = YES;
				GCC_WARN_UNUSED_VARIABLE = YES;
				IPHONEOS_DEPLOYMENT_TARGET = 16.2;
				MTL_ENABLE_DEBUG_INFO = NO;
				MTL_FAST_MATH = YES;
				SDKROOT = iphoneos;
				SWIFT_COMPILATION_MODE = wholemodule;
				SWIFT_OPTIMIZATION_LEVEL = "-O";
				VALIDATE_PRODUCT = YES;
			};
			name = Release;
		};
		0D10F06429C56F1F002F34B8 /* Debug */ = {
			isa = XCBuildConfiguration;
			buildSettings = {
				ASSETCATALOG_COMPILER_APPICON_NAME = AppIcon;
				ASSETCATALOG_COMPILER_GLOBAL_ACCENT_COLOR_NAME = AccentColor;
				CODE_SIGN_STYLE = Automatic;
				CURRENT_PROJECT_VERSION = 1;
				DEVELOPMENT_TEAM = 7RY3ZH3AW2;
				GENERATE_INFOPLIST_FILE = YES;
				INFOPLIST_FILE = "Netflix Clone/Info.plist";
				INFOPLIST_KEY_UIApplicationSupportsIndirectInputEvents = YES;
				INFOPLIST_KEY_UILaunchStoryboardName = LaunchScreen;
				INFOPLIST_KEY_UISupportedInterfaceOrientations_iPad = "UIInterfaceOrientationPortrait UIInterfaceOrientationPortraitUpsideDown UIInterfaceOrientationLandscapeLeft UIInterfaceOrientationLandscapeRight";
				INFOPLIST_KEY_UISupportedInterfaceOrientations_iPhone = "UIInterfaceOrientationPortrait UIInterfaceOrientationLandscapeLeft UIInterfaceOrientationLandscapeRight";
				LD_RUNPATH_SEARCH_PATHS = (
					"$(inherited)",
					"@executable_path/Frameworks",
				);
				MARKETING_VERSION = 1.0;
				PRODUCT_BUNDLE_IDENTIFIER = "mmjck.Netflix-Clone";
				PRODUCT_NAME = "$(TARGET_NAME)";
				SWIFT_EMIT_LOC_STRINGS = YES;
				SWIFT_VERSION = 5.0;
				TARGETED_DEVICE_FAMILY = "1,2";
			};
			name = Debug;
		};
		0D10F06529C56F1F002F34B8 /* Release */ = {
			isa = XCBuildConfiguration;
			buildSettings = {
				ASSETCATALOG_COMPILER_APPICON_NAME = AppIcon;
				ASSETCATALOG_COMPILER_GLOBAL_ACCENT_COLOR_NAME = AccentColor;
				CODE_SIGN_STYLE = Automatic;
				CURRENT_PROJECT_VERSION = 1;
				DEVELOPMENT_TEAM = 7RY3ZH3AW2;
				GENERATE_INFOPLIST_FILE = YES;
				INFOPLIST_FILE = "Netflix Clone/Info.plist";
				INFOPLIST_KEY_UIApplicationSupportsIndirectInputEvents = YES;
				INFOPLIST_KEY_UILaunchStoryboardName = LaunchScreen;
				INFOPLIST_KEY_UISupportedInterfaceOrientations_iPad = "UIInterfaceOrientationPortrait UIInterfaceOrientationPortraitUpsideDown UIInterfaceOrientationLandscapeLeft UIInterfaceOrientationLandscapeRight";
				INFOPLIST_KEY_UISupportedInterfaceOrientations_iPhone = "UIInterfaceOrientationPortrait UIInterfaceOrientationLandscapeLeft UIInterfaceOrientationLandscapeRight";
				LD_RUNPATH_SEARCH_PATHS = (
					"$(inherited)",
					"@executable_path/Frameworks",
				);
				MARKETING_VERSION = 1.0;
				PRODUCT_BUNDLE_IDENTIFIER = "mmjck.Netflix-Clone";
				PRODUCT_NAME = "$(TARGET_NAME)";
				SWIFT_EMIT_LOC_STRINGS = YES;
				SWIFT_VERSION = 5.0;
				TARGETED_DEVICE_FAMILY = "1,2";
			};
			name = Release;
		};
/* End XCBuildConfiguration section */

/* Begin XCConfigurationList section */
		0D10F04A29C56F1D002F34B8 /* Build configuration list for PBXProject "Netflix Clone" */ = {
			isa = XCConfigurationList;
			buildConfigurations = (
				0D10F06129C56F1F002F34B8 /* Debug */,
				0D10F06229C56F1F002F34B8 /* Release */,
			);
			defaultConfigurationIsVisible = 0;
			defaultConfigurationName = Release;
		};
		0D10F06329C56F1F002F34B8 /* Build configuration list for PBXNativeTarget "Netflix Clone" */ = {
			isa = XCConfigurationList;
			buildConfigurations = (
				0D10F06429C56F1F002F34B8 /* Debug */,
				0D10F06529C56F1F002F34B8 /* Release */,
			);
			defaultConfigurationIsVisible = 0;
			defaultConfigurationName = Release;
		};
/* End XCConfigurationList section */

/* Begin XCRemoteSwiftPackageReference section */
		0D28A03C29C9686C00EC9420 /* XCRemoteSwiftPackageReference "SDWebImage" */ = {
			isa = XCRemoteSwiftPackageReference;
			repositoryURL = "https://github.com/SDWebImage/SDWebImage.git";
			requirement = {
				branch = master;
				kind = branch;
			};
		};
/* End XCRemoteSwiftPackageReference section */

/* Begin XCSwiftPackageProductDependency section */
		0D28A03D29C9686C00EC9420 /* SDWebImage */ = {
			isa = XCSwiftPackageProductDependency;
			package = 0D28A03C29C9686C00EC9420 /* XCRemoteSwiftPackageReference "SDWebImage" */;
			productName = SDWebImage;
		};
		0D28A03F29C9686C00EC9420 /* SDWebImageMapKit */ = {
			isa = XCSwiftPackageProductDependency;
			package = 0D28A03C29C9686C00EC9420 /* XCRemoteSwiftPackageReference "SDWebImage" */;
			productName = SDWebImageMapKit;
		};
/* End XCSwiftPackageProductDependency section */
	};
	rootObject = 0D10F04729C56F1D002F34B8 /* Project object */;
}
